
Microsoft Visual Studio Solution File, Format Version 12.00
# Visual Studio Version 17
VisualStudioVersion = 17.4.33205.214
MinimumVisualStudioVersion = 10.0.40219.1
Project("{FAE04EC0-301F-11D3-BF4B-00C04F79EFBC}") = "Batch276", "Batch276.csproj", "{256905AD-6CFE-4125-999E-C6D152DF3F07}"
EndProject
Global
	GlobalSection(SolutionConfigurationPlatforms) = preSolution
		Debug|Any CPU = Debug|Any CPU
		Release|Any CPU = Release|Any CPU
	EndGlobalSection
	GlobalSection(ProjectConfigurationPlatforms) = postSolution
		{256905AD-6CFE-4125-999E-C6D152DF3F07}.Debug|Any CPU.ActiveCfg = Debug|Any CPU
		{256905AD-6CFE-4125-999E-C6D152DF3F07}.Debug|Any CPU.Build.0 = Debug|Any CPU
		{256905AD-6CFE-4125-999E-C6D152DF3F07}.Release|Any CPU.ActiveCfg = Release|Any CPU
		{256905AD-6CFE-4125-999E-C6D152DF3F07}.Release|Any CPU.Build.0 = Release|Any CPU
	EndGlobalSection
	GlobalSection(SolutionProperties) = preSolution
		HideSolutionNode = FALSE
	EndGlobalSection
	GlobalSection(ExtensibilityGlobals) = postSolution
		SolutionGuid = {C88B8ED7-693F-4246-B430-6BFD16E0BF05}
	EndGlobalSection
EndGlobal
